
Microsoft Visual Studio Solution File, Format Version 12.00
# Visual Studio Version 17
VisualStudioVersion = 17.5.002.0
MinimumVisualStudioVersion = 10.0.40219.1
Project("{9A19103F-16F7-4668-BE54-9A1E7A4F7556}") = "Recipe", "Recipe.csproj", "{73918F9F-BCEB-48A7-8F3E-9E07C1C54FF5}"
EndProject
Global
	GlobalSection(SolutionConfigurationPlatforms) = preSolution
		Debug|Any CPU = Debug|Any CPU
		Release|Any CPU = Release|Any CPU
	EndGlobalSection
	GlobalSection(ProjectConfigurationPlatforms) = postSolution
		{73918F9F-BCEB-48A7-8F3E-9E07C1C54FF5}.Debug|Any CPU.ActiveCfg = Debug|Any CPU
		{73918F9F-BCEB-48A7-8F3E-9E07C1C54FF5}.Debug|Any CPU.Build.0 = Debug|Any CPU
		{73918F9F-BCEB-48A7-8F3E-9E07C1C54FF5}.Release|Any CPU.ActiveCfg = Release|Any CPU
		{73918F9F-BCEB-48A7-8F3E-9E07C1C54FF5}.Release|Any CPU.Build.0 = Release|Any CPU
	EndGlobalSection
	GlobalSection(SolutionProperties) = preSolution
		HideSolutionNode = FALSE
	EndGlobalSection
	GlobalSection(ExtensibilityGlobals) = postSolution
		SolutionGuid = {806B1C1E-EDE9-487A-AD0A-1D5342A57E31}
	EndGlobalSection
EndGlobal
